
Microsoft Visual Studio Solution File, Format Version 12.00
# Visual Studio Version 17
VisualStudioVersion = 17.8.34316.72
MinimumVisualStudioVersion = 10.0.40219.1
Project("{9A19103F-16F7-4668-BE54-9A1E7A4F7556}") = "WebApiSample", "WebApiSample\WebApiSample.csproj", "{80DE7EAC-F999-4EDA-BA4D-AB54E14F4B34}"
EndProject
Project("{FAE04EC0-301F-11D3-BF4B-00C04F79EFBC}") = "AzureFunctionsSample", "AzureFunctionsSample\AzureFunctionsSample.csproj", "{832EED4A-8ED2-4D26-93AE-95AB0175E076}"
EndProject
Global
	GlobalSection(SolutionConfigurationPlatforms) = preSolution
		Debug|Any CPU = Debug|Any CPU
		Release|Any CPU = Release|Any CPU
	EndGlobalSection
	GlobalSection(ProjectConfigurationPlatforms) = postSolution
		{80DE7EAC-F999-4EDA-BA4D-AB54E14F4B34}.Debug|Any CPU.ActiveCfg = Debug|Any CPU
		{80DE7EAC-F999-4EDA-BA4D-AB54E14F4B34}.Debug|Any CPU.Build.0 = Debug|Any CPU
		{80DE7EAC-F999-4EDA-BA4D-AB54E14F4B34}.Release|Any CPU.ActiveCfg = Release|Any CPU
		{80DE7EAC-F999-4EDA-BA4D-AB54E14F4B34}.Release|Any CPU.Build.0 = Release|Any CPU
		{832EED4A-8ED2-4D26-93AE-95AB0175E076}.Debug|Any CPU.ActiveCfg = Debug|Any CPU
		{832EED4A-8ED2-4D26-93AE-95AB0175E076}.Debug|Any CPU.Build.0 = Debug|Any CPU
		{832EED4A-8ED2-4D26-93AE-95AB0175E076}.Release|Any CPU.ActiveCfg = Release|Any CPU
		{832EED4A-8ED2-4D26-93AE-95AB0175E076}.Release|Any CPU.Build.0 = Release|Any CPU
	EndGlobalSection
	GlobalSection(SolutionProperties) = preSolution
		HideSolutionNode = FALSE
	EndGlobalSection
	GlobalSection(ExtensibilityGlobals) = postSolution
		SolutionGuid = {B70AD975-8AA8-4D0E-939B-839F34CC0B04}
	EndGlobalSection
EndGlobal
